// !$*UTF8*$!
{
	archiveVersion = 1;
	classes = {
	};
	objectVersion = 45;
	objects = {

/* Begin PBXBuildFile section */
		1D3623260D0F684500981E51 /* ImageBrowserAppDelegate.m in Sources */ = {isa = PBXBuildFile; fileRef = 1D3623250D0F684500981E51 /* ImageBrowserAppDelegate.m */; };
		1D60589B0D05DD56006BFB54 /* main.m in Sources */ = {isa = PBXBuildFile; fileRef = 29B97316FDCFA39411CA2CEA /* main.m */; };
		1D60589F0D05DD5A006BFB54 /* Foundation.framework in Frameworks */ = {isa = PBXBuildFile; fileRef = 1D30AB110D05D00D00671497 /* Foundation.framework */; };
		1DF5F4E00D08C38300B7A737 /* UIKit.framework in Frameworks */ = {isa = PBXBuildFile; fileRef = 1DF5F4DF0D08C38300B7A737 /* UIKit.framework */; };
		288765FD0DF74451002DB57D /* CoreGraphics.framework in Frameworks */ = {isa = PBXBuildFile; fileRef = 288765FC0DF74451002DB57D /* CoreGraphics.framework */; };
		57340E3B11B4557900FCE361 /* ImageBrowserSoftEdgeLayer.m in Sources */ = {isa = PBXBuildFile; fileRef = 57340E3A11B4557900FCE361 /* ImageBrowserSoftEdgeLayer.m */; };
		573BC9CD119F69DE00B19C4E /* ImageBrowserItemLayer.m in Sources */ = {isa = PBXBuildFile; fileRef = 573BC9CC119F69DE00B19C4E /* ImageBrowserItemLayer.m */; };
		57D04E5B1198A34B00F85EB0 /* QuartzCore.framework in Frameworks */ = {isa = PBXBuildFile; fileRef = 57D04E5A1198A34B00F85EB0 /* QuartzCore.framework */; };
		57D04EAD1198A92700F85EB0 /* ImageBrowserViewController.m in Sources */ = {isa = PBXBuildFile; fileRef = 57D04EAC1198A92700F85EB0 /* ImageBrowserViewController.m */; };
		57D04EDC1198B62B00F85EB0 /* ImageBrowserItemView.m in Sources */ = {isa = PBXBuildFile; fileRef = 57D04ED91198B62B00F85EB0 /* ImageBrowserItemView.m */; };
		57D04EDD1198B62B00F85EB0 /* ImageBrowserView.m in Sources */ = {isa = PBXBuildFile; fileRef = 57D04EDB1198B62B00F85EB0 /* ImageBrowserView.m */; };
		57D2DF41119F5BD500D8E1D4 /* MainWindow.xib in Resources */ = {isa = PBXBuildFile; fileRef = 57D2DF40119F5BD500D8E1D4 /* MainWindow.xib */; };
		57D2DF45119F5BE800D8E1D4 /* ImageBrowser.xib in Resources */ = {isa = PBXBuildFile; fileRef = 57D2DF44119F5BE800D8E1D4 /* ImageBrowser.xib */; };
/* End PBXBuildFile section */

/* Begin PBXCopyFilesBuildPhase section */
		57D2DFDE119F5F0900D8E1D4 /* Copy Images */ = {
			isa = PBXCopyFilesBuildPhase;
			buildActionMask = 12;
			dstPath = Images;
			dstSubfolderSpec = 7;
			files = (
			);
			name = "Copy Images";
			runOnlyForDeploymentPostprocessing = 0;
		};
/* End PBXCopyFilesBuildPhase section */

/* Begin PBXFileReference section */
		1D30AB110D05D00D00671497 /* Foundation.framework */ = {isa = PBXFileReference; lastKnownFileType = wrapper.framework; name = Foundation.framework; path = System/Library/Frameworks/Foundation.framework; sourceTree = SDKROOT; };
		1D3623240D0F684500981E51 /* ImageBrowserAppDelegate.h */ = {isa = PBXFileReference; fileEncoding = 4; lastKnownFileType = sourcecode.c.h; name = ImageBrowserAppDelegate.h; path = Classes/ImageBrowserAppDelegate.h; sourceTree = "<group>"; };
		1D3623250D0F684500981E51 /* ImageBrowserAppDelegate.m */ = {isa = PBXFileReference; fileEncoding = 4; lastKnownFileType = sourcecode.c.objc; name = ImageBrowserAppDelegate.m; path = Classes/ImageBrowserAppDelegate.m; sourceTree = "<group>"; };
		1D6058910D05DD3D006BFB54 /* ImageBrowser.app */ = {isa = PBXFileReference; explicitFileType = wrapper.application; includeInIndex = 0; path = ImageBrowser.app; sourceTree = BUILT_PRODUCTS_DIR; };
		1DF5F4DF0D08C38300B7A737 /* UIKit.framework */ = {isa = PBXFileReference; lastKnownFileType = wrapper.framework; name = UIKit.framework; path = System/Library/Frameworks/UIKit.framework; sourceTree = SDKROOT; };
		288765FC0DF74451002DB57D /* CoreGraphics.framework */ = {isa = PBXFileReference; lastKnownFileType = wrapper.framework; name = CoreGraphics.framework; path = System/Library/Frameworks/CoreGraphics.framework; sourceTree = SDKROOT; };
		29B97316FDCFA39411CA2CEA /* main.m */ = {isa = PBXFileReference; fileEncoding = 4; lastKnownFileType = sourcecode.c.objc; path = main.m; sourceTree = "<group>"; };
		32CA4F630368D1EE00C91783 /* ImageBrowser_Prefix.pch */ = {isa = PBXFileReference; fileEncoding = 4; lastKnownFileType = sourcecode.c.h; path = ImageBrowser_Prefix.pch; sourceTree = "<group>"; };
		57340E3911B4557800FCE361 /* ImageBrowserSoftEdgeLayer.h */ = {isa = PBXFileReference; fileEncoding = 4; lastKnownFileType = sourcecode.c.h; name = ImageBrowserSoftEdgeLayer.h; path = Classes/ImageBrowserSoftEdgeLayer.h; sourceTree = "<group>"; };
		57340E3A11B4557900FCE361 /* ImageBrowserSoftEdgeLayer.m */ = {isa = PBXFileReference; fileEncoding = 4; lastKnownFileType = sourcecode.c.objc; name = ImageBrowserSoftEdgeLayer.m; path = Classes/ImageBrowserSoftEdgeLayer.m; sourceTree = "<group>"; };
		573BC9CB119F69DE00B19C4E /* ImageBrowserItemLayer.h */ = {isa = PBXFileReference; fileEncoding = 4; lastKnownFileType = sourcecode.c.h; name = ImageBrowserItemLayer.h; path = Classes/ImageBrowserItemLayer.h; sourceTree = "<group>"; };
		573BC9CC119F69DE00B19C4E /* ImageBrowserItemLayer.m */ = {isa = PBXFileReference; fileEncoding = 4; lastKnownFileType = sourcecode.c.objc; name = ImageBrowserItemLayer.m; path = Classes/ImageBrowserItemLayer.m; sourceTree = "<group>"; };
		573BCA9911A1918100B19C4E /* ImageBrowserOptions.h */ = {isa = PBXFileReference; fileEncoding = 4; lastKnownFileType = sourcecode.c.h; name = ImageBrowserOptions.h; path = Classes/ImageBrowserOptions.h; sourceTree = "<group>"; };
		57D04E5A1198A34B00F85EB0 /* QuartzCore.framework */ = {isa = PBXFileReference; lastKnownFileType = wrapper.framework; name = QuartzCore.framework; path = System/Library/Frameworks/QuartzCore.framework; sourceTree = SDKROOT; };
		57D04EAB1198A92700F85EB0 /* ImageBrowserViewController.h */ = {isa = PBXFileReference; fileEncoding = 4; lastKnownFileType = sourcecode.c.h; name = ImageBrowserViewController.h; path = Classes/ImageBrowserViewController.h; sourceTree = "<group>"; };
		57D04EAC1198A92700F85EB0 /* ImageBrowserViewController.m */ = {isa = PBXFileReference; fileEncoding = 4; lastKnownFileType = sourcecode.c.objc; name = ImageBrowserViewController.m; path = Classes/ImageBrowserViewController.m; sourceTree = "<group>"; };
		57D04ED81198B62B00F85EB0 /* ImageBrowserItemView.h */ = {isa = PBXFileReference; fileEncoding = 4; lastKnownFileType = sourcecode.c.h; name = ImageBrowserItemView.h; path = Classes/ImageBrowserItemView.h; sourceTree = "<group>"; };
		57D04ED91198B62B00F85EB0 /* ImageBrowserItemView.m */ = {isa = PBXFileReference; fileEncoding = 4; lastKnownFileType = sourcecode.c.objc; name = ImageBrowserItemView.m; path = Classes/ImageBrowserItemView.m; sourceTree = "<group>"; };
		57D04EDA1198B62B00F85EB0 /* ImageBrowserView.h */ = {isa = PBXFileReference; fileEncoding = 4; lastKnownFileType = sourcecode.c.h; name = ImageBrowserView.h; path = Classes/ImageBrowserView.h; sourceTree = "<group>"; };
		57D04EDB1198B62B00F85EB0 /* ImageBrowserView.m */ = {isa = PBXFileReference; fileEncoding = 4; lastKnownFileType = sourcecode.c.objc; name = ImageBrowserView.m; path = Classes/ImageBrowserView.m; sourceTree = "<group>"; };
		57D2DF40119F5BD500D8E1D4 /* MainWindow.xib */ = {isa = PBXFileReference; lastKnownFileType = file.xib; path = MainWindow.xib; sourceTree = "<group>"; };
		57D2DF44119F5BE800D8E1D4 /* ImageBrowser.xib */ = {isa = PBXFileReference; lastKnownFileType = file.xib; path = ImageBrowser.xib; sourceTree = "<group>"; };
		8D1107310486CEB800E47090 /* ImageBrowser-Info.plist */ = {isa = PBXFileReference; fileEncoding = 4; lastKnownFileType = text.plist.xml; path = "ImageBrowser-Info.plist"; plistStructureDefinitionIdentifier = "com.apple.xcode.plist.structure-definition.iphone.info-plist"; sourceTree = "<group>"; };
/* End PBXFileReference section */

/* Begin PBXFrameworksBuildPhase section */
		1D60588F0D05DD3D006BFB54 /* Frameworks */ = {
			isa = PBXFrameworksBuildPhase;
			buildActionMask = 2147483647;
			files = (
				1D60589F0D05DD5A006BFB54 /* Foundation.framework in Frameworks */,
				1DF5F4E00D08C38300B7A737 /* UIKit.framework in Frameworks */,
				288765FD0DF74451002DB57D /* CoreGraphics.framework in Frameworks */,
				57D04E5B1198A34B00F85EB0 /* QuartzCore.framework in Frameworks */,
			);
			runOnlyForDeploymentPostprocessing = 0;
		};
/* End PBXFrameworksBuildPhase section */

/* Begin PBXGroup section */
		19C28FACFE9D520D11CA2CBB /* Products */ = {
			isa = PBXGroup;
			children = (
				1D6058910D05DD3D006BFB54 /* ImageBrowser.app */,
			);
			name = Products;
			sourceTree = "<group>";
		};
		29B97314FDCFA39411CA2CEA /* CustomTemplate */ = {
			isa = PBXGroup;
			children = (
				57D04E571198A2D000F85EB0 /* Source */,
				29B97317FDCFA39411CA2CEA /* Resources */,
				57D2DF96119F5E9300D8E1D4 /* Images */,
				29B97323FDCFA39411CA2CEA /* Frameworks */,
				19C28FACFE9D520D11CA2CBB /* Products */,
			);
			name = CustomTemplate;
			sourceTree = "<group>";
		};
		29B97317FDCFA39411CA2CEA /* Resources */ = {
			isa = PBXGroup;
			children = (
				8D1107310486CEB800E47090 /* ImageBrowser-Info.plist */,
				57D2DF40119F5BD500D8E1D4 /* MainWindow.xib */,
				57D2DF44119F5BE800D8E1D4 /* ImageBrowser.xib */,
			);
			path = Resources;
			sourceTree = "<group>";
		};
		29B97323FDCFA39411CA2CEA /* Frameworks */ = {
			isa = PBXGroup;
			children = (
				1DF5F4DF0D08C38300B7A737 /* UIKit.framework */,
				1D30AB110D05D00D00671497 /* Foundation.framework */,
				288765FC0DF74451002DB57D /* CoreGraphics.framework */,
				57D04E5A1198A34B00F85EB0 /* QuartzCore.framework */,
			);
			name = Frameworks;
			sourceTree = "<group>";
		};
		57D04E571198A2D000F85EB0 /* Source */ = {
			isa = PBXGroup;
			children = (
				573BCA9911A1918100B19C4E /* ImageBrowserOptions.h */,
				1D3623240D0F684500981E51 /* ImageBrowserAppDelegate.h */,
				1D3623250D0F684500981E51 /* ImageBrowserAppDelegate.m */,
				57D04EAB1198A92700F85EB0 /* ImageBrowserViewController.h */,
				57D04EAC1198A92700F85EB0 /* ImageBrowserViewController.m */,
				57D04EDA1198B62B00F85EB0 /* ImageBrowserView.h */,
				57D04EDB1198B62B00F85EB0 /* ImageBrowserView.m */,
				57D04ED81198B62B00F85EB0 /* ImageBrowserItemView.h */,
				57D04ED91198B62B00F85EB0 /* ImageBrowserItemView.m */,
				573BC9CB119F69DE00B19C4E /* ImageBrowserItemLayer.h */,
				573BC9CC119F69DE00B19C4E /* ImageBrowserItemLayer.m */,
				57340E3911B4557800FCE361 /* ImageBrowserSoftEdgeLayer.h */,
				57340E3A11B4557900FCE361 /* ImageBrowserSoftEdgeLayer.m */,
				32CA4F630368D1EE00C91783 /* ImageBrowser_Prefix.pch */,
				29B97316FDCFA39411CA2CEA /* main.m */,
			);
			name = Source;
			sourceTree = "<group>";
		};
		57D2DF96119F5E9300D8E1D4 /* Images */ = {
			isa = PBXGroup;
			children = (
			);
			name = Images;
			path = Resources/Images;
			sourceTree = "<group>";
		};
/* End PBXGroup section */

/* Begin PBXNativeTarget section */
		1D6058900D05DD3D006BFB54 /* ImageBrowser */ = {
			isa = PBXNativeTarget;
			buildConfigurationList = 1D6058960D05DD3E006BFB54 /* Build configuration list for PBXNativeTarget "ImageBrowser" */;
			buildPhases = (
				1D60588D0D05DD3D006BFB54 /* Resources */,
				57D2DFDE119F5F0900D8E1D4 /* Copy Images */,
				1D60588E0D05DD3D006BFB54 /* Sources */,
				1D60588F0D05DD3D006BFB54 /* Frameworks */,
			);
			buildRules = (
			);
			dependencies = (
			);
			name = ImageBrowser;
			productName = ImageBrowser;
			productReference = 1D6058910D05DD3D006BFB54 /* ImageBrowser.app */;
			productType = "com.apple.product-type.application";
		};
/* End PBXNativeTarget section */

/* Begin PBXProject section */
		29B97313FDCFA39411CA2CEA /* Project object */ = {
			isa = PBXProject;
			buildConfigurationList = C01FCF4E08A954540054247B /* Build configuration list for PBXProject "ImageBrowser" */;
			compatibilityVersion = "Xcode 3.1";
			hasScannedForEncodings = 1;
			mainGroup = 29B97314FDCFA39411CA2CEA /* CustomTemplate */;
			projectDirPath = "";
			projectRoot = "";
			targets = (
				1D6058900D05DD3D006BFB54 /* ImageBrowser */,
			);
		};
/* End PBXProject section */

/* Begin PBXResourcesBuildPhase section */
		1D60588D0D05DD3D006BFB54 /* Resources */ = {
			isa = PBXResourcesBuildPhase;
			buildActionMask = 2147483647;
			files = (
				57D2DF41119F5BD500D8E1D4 /* MainWindow.xib in Resources */,
				57D2DF45119F5BE800D8E1D4 /* ImageBrowser.xib in Resources */,
			);
			runOnlyForDeploymentPostprocessing = 0;
		};
/* End PBXResourcesBuildPhase section */

/* Begin PBXSourcesBuildPhase section */
		1D60588E0D05DD3D006BFB54 /* Sources */ = {
			isa = PBXSourcesBuildPhase;
			buildActionMask = 2147483647;
			files = (
				1D60589B0D05DD56006BFB54 /* main.m in Sources */,
				1D3623260D0F684500981E51 /* ImageBrowserAppDelegate.m in Sources */,
				57D04EAD1198A92700F85EB0 /* ImageBrowserViewController.m in Sources */,
				57D04EDC1198B62B00F85EB0 /* ImageBrowserItemView.m in Sources */,
				57D04EDD1198B62B00F85EB0 /* ImageBrowserView.m in Sources */,
				573BC9CD119F69DE00B19C4E /* ImageBrowserItemLayer.m in Sources */,
				57340E3B11B4557900FCE361 /* ImageBrowserSoftEdgeLayer.m in Sources */,
			);
			runOnlyForDeploymentPostprocessing = 0;
		};
/* End PBXSourcesBuildPhase section */

/* Begin XCBuildConfiguration section */
		1D6058940D05DD3E006BFB54 /* Debug */ = {
			isa = XCBuildConfiguration;
			buildSettings = {
				ALWAYS_SEARCH_USER_PATHS = NO;
				COPY_PHASE_STRIP = NO;
				GCC_DYNAMIC_NO_PIC = NO;
				GCC_OPTIMIZATION_LEVEL = 0;
				GCC_PRECOMPILE_PREFIX_HEADER = YES;
				GCC_PREFIX_HEADER = ImageBrowser_Prefix.pch;
				INFOPLIST_FILE = "Resources/ImageBrowser-Info.plist";
				PRODUCT_NAME = ImageBrowser;
			};
			name = Debug;
		};
		1D6058950D05DD3E006BFB54 /* Release */ = {
			isa = XCBuildConfiguration;
			buildSettings = {
				ALWAYS_SEARCH_USER_PATHS = NO;
				COPY_PHASE_STRIP = YES;
				GCC_PRECOMPILE_PREFIX_HEADER = YES;
				GCC_PREFIX_HEADER = ImageBrowser_Prefix.pch;
				INFOPLIST_FILE = "Resources/ImageBrowser-Info.plist";
				PRODUCT_NAME = ImageBrowser;
				VALIDATE_PRODUCT = YES;
			};
			name = Release;
		};
		C01FCF4F08A954540054247B /* Debug */ = {
			isa = XCBuildConfiguration;
			buildSettings = {
				"ARCHS[sdk=iphoneos*]" = armv7;
				"ARCHS[sdk=iphonesimulator*]" = i386;
				"CODE_SIGN_IDENTITY[sdk=iphoneos*]" = "iPhone Developer";
				GCC_C_LANGUAGE_STANDARD = c99;
				GCC_WARN_ABOUT_RETURN_TYPE = YES;
				GCC_WARN_UNUSED_VARIABLE = YES;
				PREBINDING = NO;
				SDKROOT = iphoneos3.2;
				TARGETED_DEVICE_FAMILY = 2;
			};
			name = Debug;
		};
		C01FCF5008A954540054247B /* Release */ = {
			isa = XCBuildConfiguration;
			buildSettings = {
				"ARCHS[sdk=iphoneos*]" = armv7;
				"ARCHS[sdk=iphonesimulator*]" = i386;
				"CODE_SIGN_IDENTITY[sdk=iphoneos*]" = "iPhone Developer";
				GCC_C_LANGUAGE_STANDARD = c99;
				GCC_WARN_ABOUT_RETURN_TYPE = YES;
				GCC_WARN_UNUSED_VARIABLE = YES;
				OTHER_CFLAGS = "-DNS_BLOCK_ASSERTIONS=1";
				PREBINDING = NO;
				SDKROOT = iphoneos3.2;
				TARGETED_DEVICE_FAMILY = 2;
			};
			name = Release;
		};
/* End XCBuildConfiguration section */

/* Begin XCConfigurationList section */
		1D6058960D05DD3E006BFB54 /* Build configuration list for PBXNativeTarget "ImageBrowser" */ = {
			isa = XCConfigurationList;
			buildConfigurations = (
				1D6058940D05DD3E006BFB54 /* Debug */,
				1D6058950D05DD3E006BFB54 /* Release */,
			);
			defaultConfigurationIsVisible = 0;
			defaultConfigurationName = Release;
		};
		C01FCF4E08A954540054247B /* Build configuration list for PBXProject "ImageBrowser" */ = {
			isa = XCConfigurationList;
			buildConfigurations = (
				C01FCF4F08A954540054247B /* Debug */,
				C01FCF5008A954540054247B /* Release */,
			);
			defaultConfigurationIsVisible = 0;
			defaultConfigurationName = Release;
		};
/* End XCConfigurationList section */
	};
	rootObject = 29B97313FDCFA39411CA2CEA /* Project object */;
}
