// !$*UTF8*$!
{
	archiveVersion = 1;
	classes = {
	};
	objectVersion = 46;
	objects = {

/* Begin PBXBuildFile section */
		0A0DF6981163CABE00961441 /* IOHostAudio.m in Sources */ = {isa = PBXBuildFile; fileRef = 0A0DF6971163CABE00961441 /* IOHostAudio.m */; };
		0A7180F11165483B00D2948D /* AudioToolbox.framework in Frameworks */ = {isa = PBXBuildFile; fileRef = 0A7180F01165483B00D2948D /* AudioToolbox.framework */; };
		0A8F3A111173F96800CF6FEE /* IOHostViewController.xib in Resources */ = {isa = PBXBuildFile; fileRef = 0A8F3A0E1173F96800CF6FEE /* IOHostViewController.xib */; };
		0A8F3A121173F96800CF6FEE /* MainWindow.xib in Resources */ = {isa = PBXBuildFile; fileRef = 0A8F3A0F1173F96800CF6FEE /* MainWindow.xib */; };
		0A8F3A211173F9F100CF6FEE /* AVFoundation.framework in Frameworks */ = {isa = PBXBuildFile; fileRef = 0A8F3A201173F9F100CF6FEE /* AVFoundation.framework */; };
		0AA4185911813259005CB858 /* Default.png in Resources */ = {isa = PBXBuildFile; fileRef = 0AA4185811813259005CB858 /* Default.png */; };
		0AB25466117E7BAD00525737 /* slidertrack.png in Resources */ = {isa = PBXBuildFile; fileRef = 0AB25465117E7BAD00525737 /* slidertrack.png */; };
		0AB2546D117E7DFE00525737 /* sliderthumb.png in Resources */ = {isa = PBXBuildFile; fileRef = 0AB2546C117E7DFE00525737 /* sliderthumb.png */; };
		1D3623260D0F684500981E51 /* IOHostAppDelegate.m in Sources */ = {isa = PBXBuildFile; fileRef = 1D3623250D0F684500981E51 /* IOHostAppDelegate.m */; };
		1D60589B0D05DD56006BFB54 /* main.m in Sources */ = {isa = PBXBuildFile; fileRef = 29B97316FDCFA39411CA2CEA /* main.m */; };
		1D60589F0D05DD5A006BFB54 /* Foundation.framework in Frameworks */ = {isa = PBXBuildFile; fileRef = 1D30AB110D05D00D00671497 /* Foundation.framework */; };
		1DF5F4E00D08C38300B7A737 /* UIKit.framework in Frameworks */ = {isa = PBXBuildFile; fileRef = 1DF5F4DF0D08C38300B7A737 /* UIKit.framework */; };
		28D7ACF80DDB3853001CB0EB /* IOHostViewController.m in Sources */ = {isa = PBXBuildFile; fileRef = 28D7ACF70DDB3853001CB0EB /* IOHostViewController.m */; };
/* End PBXBuildFile section */

/* Begin PBXFileReference section */
		0A0DF6961163CABE00961441 /* IOHostAudio.h */ = {isa = PBXFileReference; fileEncoding = 4; lastKnownFileType = sourcecode.c.h; path = IOHostAudio.h; sourceTree = "<group>"; };
		0A0DF6971163CABE00961441 /* IOHostAudio.m */ = {isa = PBXFileReference; fileEncoding = 4; lastKnownFileType = sourcecode.c.objc; path = IOHostAudio.m; sourceTree = "<group>"; };
		0A7180F01165483B00D2948D /* AudioToolbox.framework */ = {isa = PBXFileReference; lastKnownFileType = wrapper.framework; name = AudioToolbox.framework; path = System/Library/Frameworks/AudioToolbox.framework; sourceTree = SDKROOT; };
		0A8F3A0E1173F96800CF6FEE /* IOHostViewController.xib */ = {isa = PBXFileReference; lastKnownFileType = file.xib; name = IOHostViewController.xib; path = Resources/IOHostViewController.xib; sourceTree = "<group>"; };
		0A8F3A0F1173F96800CF6FEE /* MainWindow.xib */ = {isa = PBXFileReference; lastKnownFileType = file.xib; name = MainWindow.xib; path = Resources/MainWindow.xib; sourceTree = "<group>"; };
		0A8F3A201173F9F100CF6FEE /* AVFoundation.framework */ = {isa = PBXFileReference; lastKnownFileType = wrapper.framework; name = AVFoundation.framework; path = System/Library/Frameworks/AVFoundation.framework; sourceTree = SDKROOT; };
		0AA4185811813259005CB858 /* Default.png */ = {isa = PBXFileReference; lastKnownFileType = image.png; name = Default.png; path = Resources/Default.png; sourceTree = "<group>"; };
		0AB25465117E7BAD00525737 /* slidertrack.png */ = {isa = PBXFileReference; lastKnownFileType = image.png; name = slidertrack.png; path = Resources/slidertrack.png; sourceTree = "<group>"; };
		0AB2546C117E7DFE00525737 /* sliderthumb.png */ = {isa = PBXFileReference; lastKnownFileType = image.png; name = sliderthumb.png; path = Resources/sliderthumb.png; sourceTree = "<group>"; };
		1D30AB110D05D00D00671497 /* Foundation.framework */ = {isa = PBXFileReference; lastKnownFileType = wrapper.framework; name = Foundation.framework; path = System/Library/Frameworks/Foundation.framework; sourceTree = SDKROOT; };
		1D3623240D0F684500981E51 /* IOHostAppDelegate.h */ = {isa = PBXFileReference; fileEncoding = 4; lastKnownFileType = sourcecode.c.h; path = IOHostAppDelegate.h; sourceTree = "<group>"; };
		1D3623250D0F684500981E51 /* IOHostAppDelegate.m */ = {isa = PBXFileReference; fileEncoding = 4; lastKnownFileType = sourcecode.c.objc; path = IOHostAppDelegate.m; sourceTree = "<group>"; };
		1D6058910D05DD3D006BFB54 /* IOHost.app */ = {isa = PBXFileReference; explicitFileType = wrapper.application; includeInIndex = 0; path = IOHost.app; sourceTree = BUILT_PRODUCTS_DIR; };
		1DF5F4DF0D08C38300B7A737 /* UIKit.framework */ = {isa = PBXFileReference; lastKnownFileType = wrapper.framework; name = UIKit.framework; path = System/Library/Frameworks/UIKit.framework; sourceTree = SDKROOT; };
		28D7ACF60DDB3853001CB0EB /* IOHostViewController.h */ = {isa = PBXFileReference; fileEncoding = 4; lastKnownFileType = sourcecode.c.h; path = IOHostViewController.h; sourceTree = "<group>"; };
		28D7ACF70DDB3853001CB0EB /* IOHostViewController.m */ = {isa = PBXFileReference; fileEncoding = 4; lastKnownFileType = sourcecode.c.objc; path = IOHostViewController.m; sourceTree = "<group>"; };
		29B97316FDCFA39411CA2CEA /* main.m */ = {isa = PBXFileReference; fileEncoding = 4; lastKnownFileType = sourcecode.c.objc; path = main.m; sourceTree = "<group>"; };
		32CA4F630368D1EE00C91783 /* IOHost_Prefix.pch */ = {isa = PBXFileReference; fileEncoding = 4; lastKnownFileType = sourcecode.c.h; path = IOHost_Prefix.pch; sourceTree = "<group>"; };
		8D1107310486CEB800E47090 /* IOHost-Info.plist */ = {isa = PBXFileReference; fileEncoding = 4; lastKnownFileType = text.plist.xml; path = "IOHost-Info.plist"; plistStructureDefinitionIdentifier = "com.apple.xcode.plist.structure-definition.iphone.info-plist"; sourceTree = "<group>"; };
/* End PBXFileReference section */

/* Begin PBXFrameworksBuildPhase section */
		1D60588F0D05DD3D006BFB54 /* Frameworks */ = {
			isa = PBXFrameworksBuildPhase;
			buildActionMask = 2147483647;
			files = (
				1D60589F0D05DD5A006BFB54 /* Foundation.framework in Frameworks */,
				1DF5F4E00D08C38300B7A737 /* UIKit.framework in Frameworks */,
				0A7180F11165483B00D2948D /* AudioToolbox.framework in Frameworks */,
				0A8F3A211173F9F100CF6FEE /* AVFoundation.framework in Frameworks */,
			);
			runOnlyForDeploymentPostprocessing = 0;
		};
/* End PBXFrameworksBuildPhase section */

/* Begin PBXGroup section */
		080E96DDFE201D6D7F000001 /* Classes */ = {
			isa = PBXGroup;
			children = (
				1D3623240D0F684500981E51 /* IOHostAppDelegate.h */,
				1D3623250D0F684500981E51 /* IOHostAppDelegate.m */,
				28D7ACF60DDB3853001CB0EB /* IOHostViewController.h */,
				28D7ACF70DDB3853001CB0EB /* IOHostViewController.m */,
				0A0DF6961163CABE00961441 /* IOHostAudio.h */,
				0A0DF6971163CABE00961441 /* IOHostAudio.m */,
			);
			path = Classes;
			sourceTree = "<group>";
		};
		19C28FACFE9D520D11CA2CBB /* Products */ = {
			isa = PBXGroup;
			children = (
				1D6058910D05DD3D006BFB54 /* IOHost.app */,
			);
			name = Products;
			sourceTree = "<group>";
		};
		29B97314FDCFA39411CA2CEA /* CustomTemplate */ = {
			isa = PBXGroup;
			children = (
				080E96DDFE201D6D7F000001 /* Classes */,
				29B97315FDCFA39411CA2CEA /* Other Sources */,
				29B97317FDCFA39411CA2CEA /* Resources */,
				29B97323FDCFA39411CA2CEA /* Frameworks */,
				19C28FACFE9D520D11CA2CBB /* Products */,
			);
			name = CustomTemplate;
			sourceTree = "<group>";
		};
		29B97315FDCFA39411CA2CEA /* Other Sources */ = {
			isa = PBXGroup;
			children = (
				32CA4F630368D1EE00C91783 /* IOHost_Prefix.pch */,
				29B97316FDCFA39411CA2CEA /* main.m */,
			);
			name = "Other Sources";
			sourceTree = "<group>";
		};
		29B97317FDCFA39411CA2CEA /* Resources */ = {
			isa = PBXGroup;
			children = (
				0AA4185811813259005CB858 /* Default.png */,
				0AB2546C117E7DFE00525737 /* sliderthumb.png */,
				0AB25465117E7BAD00525737 /* slidertrack.png */,
				0A8F3A0E1173F96800CF6FEE /* IOHostViewController.xib */,
				0A8F3A0F1173F96800CF6FEE /* MainWindow.xib */,
				8D1107310486CEB800E47090 /* IOHost-Info.plist */,
			);
			name = Resources;
			sourceTree = "<group>";
		};
		29B97323FDCFA39411CA2CEA /* Frameworks */ = {
			isa = PBXGroup;
			children = (
				0A7180F01165483B00D2948D /* AudioToolbox.framework */,
				1DF5F4DF0D08C38300B7A737 /* UIKit.framework */,
				1D30AB110D05D00D00671497 /* Foundation.framework */,
				0A8F3A201173F9F100CF6FEE /* AVFoundation.framework */,
			);
			name = Frameworks;
			sourceTree = "<group>";
		};
/* End PBXGroup section */

/* Begin PBXNativeTarget section */
		1D6058900D05DD3D006BFB54 /* IOHost */ = {
			isa = PBXNativeTarget;
			buildConfigurationList = 1D6058960D05DD3E006BFB54 /* Build configuration list for PBXNativeTarget "IOHost" */;
			buildPhases = (
				1D60588D0D05DD3D006BFB54 /* Resources */,
				1D60588E0D05DD3D006BFB54 /* Sources */,
				1D60588F0D05DD3D006BFB54 /* Frameworks */,
			);
			buildRules = (
			);
			dependencies = (
			);
			name = IOHost;
			productName = IOHost;
			productReference = 1D6058910D05DD3D006BFB54 /* IOHost.app */;
			productType = "com.apple.product-type.application";
		};
/* End PBXNativeTarget section */

/* Begin PBXProject section */
		29B97313FDCFA39411CA2CEA /* Project object */ = {
			isa = PBXProject;
			buildConfigurationList = C01FCF4E08A954540054247B /* Build configuration list for PBXProject "IOHost" */;
			compatibilityVersion = "Xcode 3.2";
			hasScannedForEncodings = 1;
			mainGroup = 29B97314FDCFA39411CA2CEA /* CustomTemplate */;
			projectDirPath = "";
			projectRoot = "";
			targets = (
				1D6058900D05DD3D006BFB54 /* IOHost */,
			);
		};
/* End PBXProject section */

/* Begin PBXResourcesBuildPhase section */
		1D60588D0D05DD3D006BFB54 /* Resources */ = {
			isa = PBXResourcesBuildPhase;
			buildActionMask = 2147483647;
			files = (
				0A8F3A111173F96800CF6FEE /* IOHostViewController.xib in Resources */,
				0A8F3A121173F96800CF6FEE /* MainWindow.xib in Resources */,
				0AB25466117E7BAD00525737 /* slidertrack.png in Resources */,
				0AB2546D117E7DFE00525737 /* sliderthumb.png in Resources */,
				0AA4185911813259005CB858 /* Default.png in Resources */,
			);
			runOnlyForDeploymentPostprocessing = 0;
		};
/* End PBXResourcesBuildPhase section */

/* Begin PBXSourcesBuildPhase section */
		1D60588E0D05DD3D006BFB54 /* Sources */ = {
			isa = PBXSourcesBuildPhase;
			buildActionMask = 2147483647;
			files = (
				1D60589B0D05DD56006BFB54 /* main.m in Sources */,
				1D3623260D0F684500981E51 /* IOHostAppDelegate.m in Sources */,
				28D7ACF80DDB3853001CB0EB /* IOHostViewController.m in Sources */,
				0A0DF6981163CABE00961441 /* IOHostAudio.m in Sources */,
			);
			runOnlyForDeploymentPostprocessing = 0;
		};
/* End PBXSourcesBuildPhase section */

/* Begin XCBuildConfiguration section */
		1D6058940D05DD3E006BFB54 /* Debug */ = {
			isa = XCBuildConfiguration;
			buildSettings = {
				ALWAYS_SEARCH_USER_PATHS = NO;
				COPY_PHASE_STRIP = NO;
				GCC_DYNAMIC_NO_PIC = NO;
				GCC_OPTIMIZATION_LEVEL = 0;
				GCC_PRECOMPILE_PREFIX_HEADER = YES;
				GCC_PREFIX_HEADER = IOHost_Prefix.pch;
				INFOPLIST_FILE = "IOHost-Info.plist";
				PRODUCT_NAME = IOHost;
			};
			name = Debug;
		};
		1D6058950D05DD3E006BFB54 /* Release */ = {
			isa = XCBuildConfiguration;
			buildSettings = {
				ALWAYS_SEARCH_USER_PATHS = NO;
				COPY_PHASE_STRIP = YES;
				GCC_PRECOMPILE_PREFIX_HEADER = YES;
				GCC_PREFIX_HEADER = IOHost_Prefix.pch;
				INFOPLIST_FILE = "IOHost-Info.plist";
				PRODUCT_NAME = IOHost;
			};
			name = Release;
		};
		C01FCF4F08A954540054247B /* Debug */ = {
			isa = XCBuildConfiguration;
			buildSettings = {
				ARCHS = "$(ARCHS_STANDARD_32_BIT)";
				"CODE_SIGN_IDENTITY[sdk=iphoneos*]" = "iPhone Developer";
				GCC_C_LANGUAGE_STANDARD = c99;
				GCC_WARN_ABOUT_RETURN_TYPE = YES;
				GCC_WARN_UNUSED_VARIABLE = YES;
				PREBINDING = NO;
				SDKROOT = iphoneos4.0;
			};
			name = Debug;
		};
		C01FCF5008A954540054247B /* Release */ = {
			isa = XCBuildConfiguration;
			buildSettings = {
				ARCHS = "$(ARCHS_STANDARD_32_BIT)";
				"CODE_SIGN_IDENTITY[sdk=iphoneos*]" = "iPhone Developer";
				GCC_C_LANGUAGE_STANDARD = c99;
				GCC_WARN_ABOUT_RETURN_TYPE = YES;
				GCC_WARN_UNUSED_VARIABLE = YES;
				PREBINDING = NO;
				SDKROOT = iphoneos4.0;
			};
			name = Release;
		};
/* End XCBuildConfiguration section */

/* Begin XCConfigurationList section */
		1D6058960D05DD3E006BFB54 /* Build configuration list for PBXNativeTarget "IOHost" */ = {
			isa = XCConfigurationList;
			buildConfigurations = (
				1D6058940D05DD3E006BFB54 /* Debug */,
				1D6058950D05DD3E006BFB54 /* Release */,
			);
			defaultConfigurationIsVisible = 0;
			defaultConfigurationName = Release;
		};
		C01FCF4E08A954540054247B /* Build configuration list for PBXProject "IOHost" */ = {
			isa = XCConfigurationList;
			buildConfigurations = (
				C01FCF4F08A954540054247B /* Debug */,
				C01FCF5008A954540054247B /* Release */,
			);
			defaultConfigurationIsVisible = 0;
			defaultConfigurationName = Release;
		};
/* End XCConfigurationList section */
	};
	rootObject = 29B97313FDCFA39411CA2CEA /* Project object */;
}
